// !$*UTF8*$!
{
	archiveVersion = 1;
	classes = {
	};
	objectVersion = 48;
	objects = {

/* Begin PBXBuildFile section */
		71E631C91FD9355E000C1448 /* AppDelegate.swift in Sources */ = {isa = PBXBuildFile; fileRef = 71E631C81FD9355E000C1448 /* AppDelegate.swift */; };
		71E631CB1FD9355E000C1448 /* ViewController.swift in Sources */ = {isa = PBXBuildFile; fileRef = 71E631CA1FD9355E000C1448 /* ViewController.swift */; };
		71E631CE1FD9355E000C1448 /* Main.storyboard in Resources */ = {isa = PBXBuildFile; fileRef = 71E631CC1FD9355E000C1448 /* Main.storyboard */; };
		71E631D01FD9355E000C1448 /* Assets.xcassets in Resources */ = {isa = PBXBuildFile; fileRef = 71E631CF1FD9355E000C1448 /* Assets.xcassets */; };
		71E631D31FD9355E000C1448 /* LaunchScreen.storyboard in Resources */ = {isa = PBXBuildFile; fileRef = 71E631D11FD9355E000C1448 /* LaunchScreen.storyboard */; };
		71E631DC1FD93597000C1448 /* GradientLayer.swift in Sources */ = {isa = PBXBuildFile; fileRef = 71E631DB1FD93597000C1448 /* GradientLayer.swift */; };
		71E631DE1FD935BC000C1448 /* UIGradientHelper.swift in Sources */ = {isa = PBXBuildFile; fileRef = 71E631DD1FD935BC000C1448 /* UIGradientHelper.swift */; };
		71E631E01FD935DB000C1448 /* UIGradientExtension.swift in Sources */ = {isa = PBXBuildFile; fileRef = 71E631DF1FD935DB000C1448 /* UIGradientExtension.swift */; };
		71E631E21FD93625000C1448 /* UIGradient.swift in Sources */ = {isa = PBXBuildFile; fileRef = 71E631E11FD93625000C1448 /* UIGradient.swift */; };
		71E85D0A1FDB988700AED2CA /* GradientPattern.swift in Sources */ = {isa = PBXBuildFile; fileRef = 71E85D091FDB988700AED2CA /* GradientPattern.swift */; };
/* End PBXBuildFile section */

/* Begin PBXFileReference section */
		71E631C51FD9355E000C1448 /* UIGradientExample.app */ = {isa = PBXFileReference; explicitFileType = wrapper.application; includeInIndex = 0; path = UIGradientExample.app; sourceTree = BUILT_PRODUCTS_DIR; };
		71E631C81FD9355E000C1448 /* AppDelegate.swift */ = {isa = PBXFileReference; lastKnownFileType = sourcecode.swift; path = AppDelegate.swift; sourceTree = "<group>"; };
		71E631CA1FD9355E000C1448 /* ViewController.swift */ = {isa = PBXFileReference; lastKnownFileType = sourcecode.swift; path = ViewController.swift; sourceTree = "<group>"; };
		71E631CD1FD9355E000C1448 /* Base */ = {isa = PBXFileReference; lastKnownFileType = file.storyboard; name = Base; path = Base.lproj/Main.storyboard; sourceTree = "<group>"; };
		71E631CF1FD9355E000C1448 /* Assets.xcassets */ = {isa = PBXFileReference; lastKnownFileType = folder.assetcatalog; path = Assets.xcassets; sourceTree = "<group>"; };
		71E631D21FD9355E000C1448 /* Base */ = {isa = PBXFileReference; lastKnownFileType = file.storyboard; name = Base; path = Base.lproj/LaunchScreen.storyboard; sourceTree = "<group>"; };
		71E631D41FD9355E000C1448 /* Info.plist */ = {isa = PBXFileReference; lastKnownFileType = text.plist.xml; path = Info.plist; sourceTree = "<group>"; };
		71E631DB1FD93597000C1448 /* GradientLayer.swift */ = {isa = PBXFileReference; lastKnownFileType = sourcecode.swift; path = GradientLayer.swift; sourceTree = "<group>"; };
		71E631DD1FD935BC000C1448 /* UIGradientHelper.swift */ = {isa = PBXFileReference; lastKnownFileType = sourcecode.swift; path = UIGradientHelper.swift; sourceTree = "<group>"; };
		71E631DF1FD935DB000C1448 /* UIGradientExtension.swift */ = {isa = PBXFileReference; lastKnownFileType = sourcecode.swift; path = UIGradientExtension.swift; sourceTree = "<group>"; };
		71E631E11FD93625000C1448 /* UIGradient.swift */ = {isa = PBXFileReference; lastKnownFileType = sourcecode.swift; path = UIGradient.swift; sourceTree = "<group>"; };
		71E85D091FDB988700AED2CA /* GradientPattern.swift */ = {isa = PBXFileReference; lastKnownFileType = sourcecode.swift; path = GradientPattern.swift; sourceTree = "<group>"; };
/* End PBXFileReference section */

/* Begin PBXFrameworksBuildPhase section */
		71E631C21FD9355E000C1448 /* Frameworks */ = {
			isa = PBXFrameworksBuildPhase;
			buildActionMask = 2147483647;
			files = (
			);
			runOnlyForDeploymentPostprocessing = 0;
		};
/* End PBXFrameworksBuildPhase section */

/* Begin PBXGroup section */
		71E631BC1FD9355E000C1448 = {
			isa = PBXGroup;
			children = (
				71E631DA1FD93579000C1448 /* Sources */,
				71E631C71FD9355E000C1448 /* UIGradientExample */,
				71E631C61FD9355E000C1448 /* Products */,
			);
			sourceTree = "<group>";
		};
		71E631C61FD9355E000C1448 /* Products */ = {
			isa = PBXGroup;
			children = (
				71E631C51FD9355E000C1448 /* UIGradientExample.app */,
			);
			name = Products;
			sourceTree = "<group>";
		};
		71E631C71FD9355E000C1448 /* UIGradientExample */ = {
			isa = PBXGroup;
			children = (
				71E631C81FD9355E000C1448 /* AppDelegate.swift */,
				71E631CA1FD9355E000C1448 /* ViewController.swift */,
				71E85D091FDB988700AED2CA /* GradientPattern.swift */,
				71E631CC1FD9355E000C1448 /* Main.storyboard */,
				71E631CF1FD9355E000C1448 /* Assets.xcassets */,
				71E631D11FD9355E000C1448 /* LaunchScreen.storyboard */,
				71E631D41FD9355E000C1448 /* Info.plist */,
			);
			path = UIGradientExample;
			sourceTree = "<group>";
		};
		71E631DA1FD93579000C1448 /* Sources */ = {
			isa = PBXGroup;
			children = (
				71E631DB1FD93597000C1448 /* GradientLayer.swift */,
				71E631DD1FD935BC000C1448 /* UIGradientHelper.swift */,
				71E631DF1FD935DB000C1448 /* UIGradientExtension.swift */,
				71E631E11FD93625000C1448 /* UIGradient.swift */,
			);
			path = Sources;
			sourceTree = "<group>";
		};
/* End PBXGroup section */

/* Begin PBXNativeTarget section */
		71E631C41FD9355E000C1448 /* UIGradientExample */ = {
			isa = PBXNativeTarget;
			buildConfigurationList = 71E631D71FD9355E000C1448 /* Build configuration list for PBXNativeTarget "UIGradientExample" */;
			buildPhases = (
				71E631C11FD9355E000C1448 /* Sources */,
				71E631C21FD9355E000C1448 /* Frameworks */,
				71E631C31FD9355E000C1448 /* Resources */,
			);
			buildRules = (
			);
			dependencies = (
			);
			name = UIGradientExample;
			productName = UIGradientExample;
			productReference = 71E631C51FD9355E000C1448 /* UIGradientExample.app */;
			productType = "com.apple.product-type.application";
		};
/* End PBXNativeTarget section */

/* Begin PBXProject section */
		71E631BD1FD9355E000C1448 /* Project object */ = {
			isa = PBXProject;
			attributes = {
				LastSwiftUpdateCheck = 0920;
				LastUpgradeCheck = 1010;
				ORGANIZATIONNAME = "Dinh Quang Hieu";
				TargetAttributes = {
					71E631C41FD9355E000C1448 = {
						CreatedOnToolsVersion = 9.2;
						ProvisioningStyle = Automatic;
					};
				};
			};
			buildConfigurationList = 71E631C01FD9355E000C1448 /* Build configuration list for PBXProject "UIGradientExample" */;
			compatibilityVersion = "Xcode 8.0";
			developmentRegion = en;
			hasScannedForEncodings = 0;
			knownRegions = (
				en,
				Base,
			);
			mainGroup = 71E631BC1FD9355E000C1448;
			productRefGroup = 71E631C61FD9355E000C1448 /* Products */;
			projectDirPath = "";
			projectRoot = "";
			targets = (
				71E631C41FD9355E000C1448 /* UIGradientExample */,
			);
		};
/* End PBXProject section */

/* Begin PBXResourcesBuildPhase section */
		71E631C31FD9355E000C1448 /* Resources */ = {
			isa = PBXResourcesBuildPhase;
			buildActionMask = 2147483647;
			files = (
				71E631D31FD9355E000C1448 /* LaunchScreen.storyboard in Resources */,
				71E631D01FD9355E000C1448 /* Assets.xcassets in Resources */,
				71E631CE1FD9355E000C1448 /* Main.storyboard in Resources */,
			);
			runOnlyForDeploymentPostprocessing = 0;
		};
/* End PBXResourcesBuildPhase section */

/* Begin PBXSourcesBuildPhase section */
		71E631C11FD9355E000C1448 /* Sources */ = {
			isa = PBXSourcesBuildPhase;
			buildActionMask = 2147483647;
			files = (
				71E631CB1FD9355E000C1448 /* ViewController.swift in Sources */,
				71E631DE1FD935BC000C1448 /* UIGradientHelper.swift in Sources */,
				71E631E01FD935DB000C1448 /* UIGradientExtension.swift in Sources */,
				71E631E21FD93625000C1448 /* UIGradient.swift in Sources */,
				71E85D0A1FDB988700AED2CA /* GradientPattern.swift in Sources */,
				71E631C91FD9355E000C1448 /* AppDelegate.swift in Sources */,
				71E631DC1FD93597000C1448 /* GradientLayer.swift in Sources */,
			);
			runOnlyForDeploymentPostprocessing = 0;
		};
/* End PBXSourcesBuildPhase section */

/* Begin PBXVariantGroup section */
		71E631CC1FD9355E000C1448 /* Main.storyboard */ = {
			isa = PBXVariantGroup;
			children = (
				71E631CD1FD9355E000C1448 /* Base */,
			);
			name = Main.storyboard;
			sourceTree = "<group>";
		};
		71E631D11FD9355E000C1448 /* LaunchScreen.storyboard */ = {
			isa = PBXVariantGroup;
			children = (
				71E631D21FD9355E000C1448 /* Base */,
			);
			name = LaunchScreen.storyboard;
			sourceTree = "<group>";
		};
/* End PBXVariantGroup section */

/* Begin XCBuildConfiguration section */
		71E631D51FD9355E000C1448 /* Debug */ = {
			isa = XCBuildConfiguration;
			buildSettings = {
				ALWAYS_SEARCH_USER_PATHS = NO;
				CLANG_ANALYZER_NONNULL = YES;
				CLANG_ANALYZER_NUMBER_OBJECT_CONVERSION = YES_AGGRESSIVE;
				CLANG_CXX_LANGUAGE_STANDARD = "gnu++14";
				CLANG_CXX_LIBRARY = "libc++";
				CLANG_ENABLE_MODULES = YES;
				CLANG_ENABLE_OBJC_ARC = YES;
				CLANG_WARN_BLOCK_CAPTURE_AUTORELEASING = YES;
				CLANG_WARN_BOOL_CONVERSION = YES;
				CLANG_WARN_COMMA = YES;
				CLANG_WARN_CONSTANT_CONVERSION = YES;
				CLANG_WARN_DEPRECATED_OBJC_IMPLEMENTATIONS = YES;
				CLANG_WARN_DIRECT_OBJC_ISA_USAGE = YES_ERROR;
				CLANG_WARN_DOCUMENTATION_COMMENTS = YES;
				CLANG_WARN_EMPTY_BODY = YES;
				CLANG_WARN_ENUM_CONVERSION = YES;
				CLANG_WARN_INFINITE_RECURSION = YES;
				CLANG_WARN_INT_CONVERSION = YES;
				CLANG_WARN_NON_LITERAL_NULL_CONVERSION = YES;
				CLANG_WARN_OBJC_IMPLICIT_RETAIN_SELF = YES;
				CLANG_WARN_OBJC_LITERAL_CONVERSION = YES;
				CLANG_WARN_OBJC_ROOT_CLASS = YES_ERROR;
				CLANG_WARN_RANGE_LOOP_ANALYSIS = YES;
				CLANG_WARN_STRICT_PROTOTYPES = YES;
				CLANG_WARN_SUSPICIOUS_MOVE = YES;
				CLANG_WARN_UNGUARDED_AVAILABILITY = YES_AGGRESSIVE;
				CLANG_WARN_UNREACHABLE_CODE = YES;
				CLANG_WARN__DUPLICATE_METHOD_MATCH = YES;
				CODE_SIGN_IDENTITY = "iPhone Developer";
				COPY_PHASE_STRIP = NO;
				DEBUG_INFORMATION_FORMAT = dwarf;
				ENABLE_STRICT_OBJC_MSGSEND = YES;
				ENABLE_TESTABILITY = YES;
				GCC_C_LANGUAGE_STANDARD = gnu11;
				GCC_DYNAMIC_NO_PIC = NO;
				GCC_NO_COMMON_BLOCKS = YES;
				GCC_OPTIMIZATION_LEVEL = 0;
				GCC_PREPROCESSOR_DEFINITIONS = (
					"DEBUG=1",
					"$(inherited)",
				);
				GCC_WARN_64_TO_32_BIT_CONVERSION = YES;
				GCC_WARN_ABOUT_RETURN_TYPE = YES_ERROR;
				GCC_WARN_UNDECLARED_SELECTOR = YES;
				GCC_WARN_UNINITIALIZED_AUTOS = YES_AGGRESSIVE;
				GCC_WARN_UNUSED_FUNCTION = YES;
				GCC_WARN_UNUSED_VARIABLE = YES;
				IPHONEOS_DEPLOYMENT_TARGET = 9.0;
				MTL_ENABLE_DEBUG_INFO = YES;
				ONLY_ACTIVE_ARCH = YES;
				SDKROOT = iphoneos;
				SWIFT_ACTIVE_COMPILATION_CONDITIONS = DEBUG;
				SWIFT_OPTIMIZATION_LEVEL = "-Onone";
				SWIFT_VERSION = 4.2;
			};
			name = Debug;
		};
		71E631D61FD9355E000C1448 /* Release */ = {
			isa = XCBuildConfiguration;
			buildSettings = {
				ALWAYS_SEARCH_USER_PATHS = NO;
				CLANG_ANALYZER_NONNULL = YES;
				CLANG_ANALYZER_NUMBER_OBJECT_CONVERSION = YES_AGGRESSIVE;
				CLANG_CXX_LANGUAGE_STANDARD = "gnu++14";
				CLANG_CXX_LIBRARY = "libc++";
				CLANG_ENABLE_MODULES = YES;
				CLANG_ENABLE_OBJC_ARC = YES;
				CLANG_WARN_BLOCK_CAPTURE_AUTORELEASING = YES;
				CLANG_WARN_BOOL_CONVERSION = YES;
				CLANG_WARN_COMMA = YES;
				CLANG_WARN_CONSTANT_CONVERSION = YES;
				CLANG_WARN_DEPRECATED_OBJC_IMPLEMENTATIONS = YES;
				CLANG_WARN_DIRECT_OBJC_ISA_USAGE = YES_ERROR;
				CLANG_WARN_DOCUMENTATION_COMMENTS = YES;
				CLANG_WARN_EMPTY_BODY = YES;
				CLANG_WARN_ENUM_CONVERSION = YES;
				CLANG_WARN_INFINITE_RECURSION = YES;
				CLANG_WARN_INT_CONVERSION = YES;
				CLANG_WARN_NON_LITERAL_NULL_CONVERSION = YES;
				CLANG_WARN_OBJC_IMPLICIT_RETAIN_SELF = YES;
				CLANG_WARN_OBJC_LITERAL_CONVERSION = YES;
				CLANG_WARN_OBJC_ROOT_CLASS = YES_ERROR;
				CLANG_WARN_RANGE_LOOP_ANALYSIS = YES;
				CLANG_WARN_STRICT_PROTOTYPES = YES;
				CLANG_WARN_SUSPICIOUS_MOVE = YES;
				CLANG_WARN_UNGUARDED_AVAILABILITY = YES_AGGRESSIVE;
				CLANG_WARN_UNREACHABLE_CODE = YES;
				CLANG_WARN__DUPLICATE_METHOD_MATCH = YES;
				CODE_SIGN_IDENTITY = "iPhone Developer";
				COPY_PHASE_STRIP = NO;
				DEBUG_INFORMATION_FORMAT = "dwarf-with-dsym";
				ENABLE_NS_ASSERTIONS = NO;
				ENABLE_STRICT_OBJC_MSGSEND = YES;
				GCC_C_LANGUAGE_STANDARD = gnu11;
				GCC_NO_COMMON_BLOCKS = YES;
				GCC_WARN_64_TO_32_BIT_CONVERSION = YES;
				GCC_WARN_ABOUT_RETURN_TYPE = YES_ERROR;
				GCC_WARN_UNDECLARED_SELECTOR = YES;
				GCC_WARN_UNINITIALIZED_AUTOS = YES_AGGRESSIVE;
				GCC_WARN_UNUSED_FUNCTION = YES;
				GCC_WARN_UNUSED_VARIABLE = YES;
				IPHONEOS_DEPLOYMENT_TARGET = 9.0;
				MTL_ENABLE_DEBUG_INFO = NO;
				SDKROOT = iphoneos;
				SWIFT_OPTIMIZATION_LEVEL = "-Owholemodule";
				SWIFT_VERSION = 4.2;
				VALIDATE_PRODUCT = YES;
			};
			name = Release;
		};
		71E631D81FD9355E000C1448 /* Debug */ = {
			isa = XCBuildConfiguration;
			buildSettings = {
				ASSETCATALOG_COMPILER_APPICON_NAME = AppIcon;
				CODE_SIGN_STYLE = Automatic;
				DEVELOPMENT_TEAM = BH46VD9229;
				INFOPLIST_FILE = UIGradientExample/Info.plist;
				IPHONEOS_DEPLOYMENT_TARGET = 9.0;
				LD_RUNPATH_SEARCH_PATHS = "$(inherited) @executable_path/Frameworks";
				PRODUCT_BUNDLE_IDENTIFIER = com.dqhieu.UIGradientExample;
				PRODUCT_NAME = "$(TARGET_NAME)";
				SWIFT_VERSION = 4.2;
				TARGETED_DEVICE_FAMILY = "1,2";
			};
			name = Debug;
		};
		71E631D91FD9355E000C1448 /* Release */ = {
			isa = XCBuildConfiguration;
			buildSettings = {
				ASSETCATALOG_COMPILER_APPICON_NAME = AppIcon;
				CODE_SIGN_STYLE = Automatic;
				DEVELOPMENT_TEAM = BH46VD9229;
				INFOPLIST_FILE = UIGradientExample/Info.plist;
				IPHONEOS_DEPLOYMENT_TARGET = 9.0;
				LD_RUNPATH_SEARCH_PATHS = "$(inherited) @executable_path/Frameworks";
				PRODUCT_BUNDLE_IDENTIFIER = com.dqhieu.UIGradientExample;
				PRODUCT_NAME = "$(TARGET_NAME)";
				SWIFT_VERSION = 4.2;
				TARGETED_DEVICE_FAMILY = "1,2";
			};
			name = Release;
		};
/* End XCBuildConfiguration section */

/* Begin XCConfigurationList section */
		71E631C01FD9355E000C1448 /* Build configuration list for PBXProject "UIGradientExample" */ = {
			isa = XCConfigurationList;
			buildConfigurations = (
				71E631D51FD9355E000C1448 /* Debug */,
				71E631D61FD9355E000C1448 /* Release */,
			);
			defaultConfigurationIsVisible = 0;
			defaultConfigurationName = Release;
		};
		71E631D71FD9355E000C1448 /* Build configuration list for PBXNativeTarget "UIGradientExample" */ = {
			isa = XCConfigurationList;
			buildConfigurations = (
				71E631D81FD9355E000C1448 /* Debug */,
				71E631D91FD9355E000C1448 /* Release */,
			);
			defaultConfigurationIsVisible = 0;
			defaultConfigurationName = Release;
		};
/* End XCConfigurationList section */
	};
	rootObject = 71E631BD1FD9355E000C1448 /* Project object */;
}
